
Microsoft Visual Studio Solution File, Format Version 12.00
# Visual Studio Version 16
VisualStudioVersion = 16.0.31624.102
MinimumVisualStudioVersion = 10.0.40219.1
Project("{FAE04EC0-301F-11D3-BF4B-00C04F79EFBC}") = "MDI-funcionando", "MDI-funcionando\MDI-funcionando.csproj", "{D02F6155-68BD-40B4-AEE4-F1C0C8F6F7FE}"
EndProject
Global
	GlobalSection(SolutionConfigurationPlatforms) = preSolution
		Debug|Any CPU = Debug|Any CPU
		Release|Any CPU = Release|Any CPU
	EndGlobalSection
	GlobalSection(ProjectConfigurationPlatforms) = postSolution
		{D02F6155-68BD-40B4-AEE4-F1C0C8F6F7FE}.Debug|Any CPU.ActiveCfg = Debug|Any CPU
		{D02F6155-68BD-40B4-AEE4-F1C0C8F6F7FE}.Debug|Any CPU.Build.0 = Debug|Any CPU
		{D02F6155-68BD-40B4-AEE4-F1C0C8F6F7FE}.Release|Any CPU.ActiveCfg = Release|Any CPU
		{D02F6155-68BD-40B4-AEE4-F1C0C8F6F7FE}.Release|Any CPU.Build.0 = Release|Any CPU
	EndGlobalSection
	GlobalSection(SolutionProperties) = preSolution
		HideSolutionNode = FALSE
	EndGlobalSection
	GlobalSection(ExtensibilityGlobals) = postSolution
		SolutionGuid = {EB5BC1D2-40B8-44DB-BB48-BA64C3A59664}
	EndGlobalSection
EndGlobal
