
Microsoft Visual Studio Solution File, Format Version 12.00
# Visual Studio Version 17
VisualStudioVersion = 17.2.32602.215
MinimumVisualStudioVersion = 10.0.40219.1
Project("{FAE04EC0-301F-11D3-BF4B-00C04F79EFBC}") = "VentanasMultiples", "VentanasMultiples\VentanasMultiples.csproj", "{1ECF0841-9CCF-4C70-A46C-1BC191F73F82}"
EndProject
Global
	GlobalSection(SolutionConfigurationPlatforms) = preSolution
		Debug|Any CPU = Debug|Any CPU
		Release|Any CPU = Release|Any CPU
	EndGlobalSection
	GlobalSection(ProjectConfigurationPlatforms) = postSolution
		{1ECF0841-9CCF-4C70-A46C-1BC191F73F82}.Debug|Any CPU.ActiveCfg = Debug|Any CPU
		{1ECF0841-9CCF-4C70-A46C-1BC191F73F82}.Debug|Any CPU.Build.0 = Debug|Any CPU
		{1ECF0841-9CCF-4C70-A46C-1BC191F73F82}.Release|Any CPU.ActiveCfg = Release|Any CPU
		{1ECF0841-9CCF-4C70-A46C-1BC191F73F82}.Release|Any CPU.Build.0 = Release|Any CPU
	EndGlobalSection
	GlobalSection(SolutionProperties) = preSolution
		HideSolutionNode = FALSE
	EndGlobalSection
	GlobalSection(ExtensibilityGlobals) = postSolution
		SolutionGuid = {A1B56318-524E-478E-B6E0-2DA592317190}
	EndGlobalSection
EndGlobal
